{
    "_readme": [
        "This file locks the dependencies of your project to a known state",
        "Read more about it at https://getcomposer.org/doc/01-basic-usage.md#installing-dependencies",
        "This file is @generated automatically"
    ],
    "content-hash": "52112590b6f4e9270cab36a244c79550",
    "packages": [
        {
            "name": "markrogoyski/math-php",
            "version": "v2.6.0",
            "source": {
                "type": "git",
                "url": "https://github.com/markrogoyski/math-php.git",
                "reference": "85d7d7fe205a6df2b20f956720e25341f3b1462a"
            },
            "dist": {
                "type": "zip",
                "url": "https://api.github.com/repos/markrogoyski/math-php/zipball/85d7d7fe205a6df2b20f956720e25341f3b1462a",
                "reference": "85d7d7fe205a6df2b20f956720e25341f3b1462a",
                "shasum": ""
            },
            "require": {
                "ext-json": "*",
                "php": ">=7.2.0"
            },
            "require-dev": {
                "php-coveralls/php-coveralls": "^2.0",
                "php-parallel-lint/php-parallel-lint": "^1.2",
                "phploc/phploc": "*",
                "phpmd/phpmd": "^2.6",
                "phpstan/phpstan": "*",
                "phpunit/phpunit": "^8.5",
                "squizlabs/php_codesniffer": "3.*"
            },
            "type": "library",
            "autoload": {
                "psr-4": {
                    "MathPHP\\": "src/"
                }
            },
            "notification-url": "https://packagist.org/downloads/",
            "license": [
                "MIT"
            ],
            "authors": [
                {
                    "name": "Mark Rogoyski",
                    "email": "mark@rogoyski.com",
                    "homepage": "https://github.com/markrogoyski",
                    "role": "Lead developer"
                },
                {
                    "name": "Kevin Nowaczyk",
                    "homepage": "https://github.com/Beakerboy",
                    "role": "Developer"
                },
                {
                    "name": "MathPHP Community of Contributors",
                    "homepage": "https://github.com/markrogoyski/math-php/graphs/contributors"
                }
            ],
            "description": "Math Library for PHP. Features descriptive statistics and regressions; Continuous and discrete probability distributions; Linear algebra with matrices and vectors, Numerical analysis; special mathematical functions; Algebra",
            "homepage": "https://github.com/markrogoyski/math-php/",
            "keywords": [
                "algebra",
                "combinatorics",
                "distributions",
                "linear algebra",
                "math",
                "mathematics",
                "matrix",
                "numerical analysis",
                "probability",
                "regressions",
                "statistics"
            ],
            "support": {
                "issues": "https://github.com/markrogoyski/math-php/issues",
                "source": "https://github.com/markrogoyski/math-php/tree/v2.6.0"
            },
            "time": "2022-04-10T05:15:37+00:00"
        },
        {
            "name": "pear/console_color2",
            "version": "0.1.2",
            "source": {
                "type": "git",
                "url": "https://github.com/pear/Console_Color2.git",
                "reference": "cab2b886aa55cc9e23464d1f49edf97bee9f5a63"
            },
            "dist": {
                "type": "zip",
                "url": "https://api.github.com/repos/pear/Console_Color2/zipball/cab2b886aa55cc9e23464d1f49edf97bee9f5a63",
                "reference": "cab2b886aa55cc9e23464d1f49edf97bee9f5a63",
                "shasum": ""
            },
            "require": {
                "php": ">=5.0.0"
            },
            "type": "library",
            "autoload": {
                "psr-0": {
                    "Console_Color2": ""
                }
            },
            "notification-url": "https://packagist.org/downloads/",
            "license": [
                "MIT"
            ],
            "authors": [
                {
                    "name": "Daniel O'Connor",
                    "email": "daniel.oconnor@gmail.com",
                    "role": "Pear Developer"
                },
                {
                    "name": "Stefan Walk",
                    "email": "et@php.net"
                },
                {
                    "name": "Scott Mattocks",
                    "email": "scottmattocks@php.net"
                }
            ],
            "description": "This Class allows you to easily use ANSI console colors in your application.",
            "homepage": "https://github.com/pear/Console_Color2",
            "keywords": [
                "console"
            ],
            "support": {
                "source": "https://github.com/pear/Console_Color2/tree/0.1.2"
            },
            "time": "2012-10-23T11:52:18+00:00"
        },
        {
            "name": "pear/console_table",
            "version": "v1.3.1",
            "source": {
                "type": "git",
                "url": "https://github.com/pear/Console_Table.git",
                "reference": "1930c11897ca61fd24b95f2f785e99e0f36dcdea"
            },
            "dist": {
                "type": "zip",
                "url": "https://api.github.com/repos/pear/Console_Table/zipball/1930c11897ca61fd24b95f2f785e99e0f36dcdea",
                "reference": "1930c11897ca61fd24b95f2f785e99e0f36dcdea",
                "shasum": ""
            },
            "require": {
                "php": ">=5.2.0"
            },
            "suggest": {
                "pear/Console_Color2": ">=0.1.2"
            },
            "type": "library",
            "autoload": {
                "classmap": [
                    "Table.php"
                ]
            },
            "notification-url": "https://packagist.org/downloads/",
            "license": [
                "BSD-2-Clause"
            ],
            "authors": [
                {
                    "name": "Jan Schneider",
                    "homepage": "http://pear.php.net/user/yunosh"
                },
                {
                    "name": "Tal Peer",
                    "homepage": "http://pear.php.net/user/tal"
                },
                {
                    "name": "Xavier Noguer",
                    "homepage": "http://pear.php.net/user/xnoguer"
                },
                {
                    "name": "Richard Heyes",
                    "homepage": "http://pear.php.net/user/richard"
                }
            ],
            "description": "Library that makes it easy to build console style tables.",
            "homepage": "http://pear.php.net/package/Console_Table/",
            "keywords": [
                "console"
            ],
            "support": {
                "issues": "http://pear.php.net/bugs/search.php?cmd=display&package_name[]=Console_Table",
                "source": "https://github.com/pear/Console_Table"
            },
            "time": "2018-01-25T20:47:17+00:00"
        },
        {
            "name": "phpunit/php-timer",
            "version": "5.0.3",
            "source": {
                "type": "git",
                "url": "https://github.com/sebastianbergmann/php-timer.git",
                "reference": "5a63ce20ed1b5bf577850e2c4e87f4aa902afbd2"
            },
            "dist": {
                "type": "zip",
                "url": "https://api.github.com/repos/sebastianbergmann/php-timer/zipball/5a63ce20ed1b5bf577850e2c4e87f4aa902afbd2",
                "reference": "5a63ce20ed1b5bf577850e2c4e87f4aa902afbd2",
                "shasum": ""
            },
            "require": {
                "php": ">=7.3"
            },
            "require-dev": {
                "phpunit/phpunit": "^9.3"
            },
            "type": "library",
            "extra": {
                "branch-alias": {
                    "dev-master": "5.0-dev"
                }
            },
            "autoload": {
                "classmap": [
                    "src/"
                ]
            },
            "notification-url": "https://packagist.org/downloads/",
            "license": [
                "BSD-3-Clause"
            ],
            "authors": [
                {
                    "name": "Sebastian Bergmann",
                    "email": "sebastian@phpunit.de",
                    "role": "lead"
                }
            ],
            "description": "Utility class for timing",
            "homepage": "https://github.com/sebastianbergmann/php-timer/",
            "keywords": [
                "timer"
            ],
            "support": {
                "issues": "https://github.com/sebastianbergmann/php-timer/issues",
                "source": "https://github.com/sebastianbergmann/php-timer/tree/5.0.3"
            },
            "funding": [
                {
                    "url": "https://github.com/sebastianbergmann",
                    "type": "github"
                }
            ],
            "time": "2020-10-26T13:16:10+00:00"
        }
    ],
    "packages-dev": [],
    "aliases": [],
    "minimum-stability": "stable",
    "stability-flags": [],
    "prefer-stable": false,
    "prefer-lowest": false,
    "platform": {
        "ext-json": "*",
        "ext-mbstring": "*"
    },
    "platform-dev": [],
    "plugin-api-version": "2.3.0"
}
